{
  "name": "compiler-bundle-creator",
  "lockfileVersion": 1,
  "dependencies": {
    "@angular/animations": {
      "version": "4.3.5",
      "resolved": "https://registry.npmjs.org/@angular/animations/-/animations-4.3.5.tgz",
      "integrity": "sha1-hapFTIh8x8zhFjfqX26a+tiEkOE="
    },
    "@angular/common": {
      "version": "4.3.5",
      "resolved": "https://registry.npmjs.org/@angular/common/-/common-4.3.5.tgz",
      "integrity": "sha1-X2sRNH6uHfw0YjzP1MBsj0xIji0="
    },
    "@angular/compiler": {
      "version": "4.3.5",
      "resolved": "https://registry.npmjs.org/@angular/compiler/-/compiler-4.3.5.tgz",
      "integrity": "sha1-UNPJhmV77/H+9Pbdmj+ljiSr1Ug="
    },
    "@angular/core": {
      "version": "4.3.5",
      "resolved": "https://registry.npmjs.org/@angular/core/-/core-4.3.5.tgz",
      "integrity": "sha1-vR79vx68+5wnojjiqkxIFZsIlbs="
    },
    "@angular/forms": {
      "version": "4.3.5",
      "resolved": "https://registry.npmjs.org/@angular/forms/-/forms-4.3.5.tgz",
      "integrity": "sha1-UZqtCtgqG4cBmTf6k/wUdzRzd4c="
    },
    "@angular/http": {
      "version": "4.3.5",
      "resolved": "https://registry.npmjs.org/@angular/http/-/http-4.3.5.tgz",
      "integrity": "sha1-gdSwdhyO8DXLC3NjAMI382KG8fA="
    },
    "@angular/platform-browser": {
      "version": "4.3.5",
      "resolved": "https://registry.npmjs.org/@angular/platform-browser/-/platform-browser-4.3.5.tgz",
      "integrity": "sha1-wNA0CUmcwp+BZ3qrYjyQhnYNhO8="
    },
    "@angular/platform-browser-dynamic": {
      "version": "4.3.5",
      "resolved": "https://registry.npmjs.org/@angular/platform-browser-dynamic/-/platform-browser-dynamic-4.3.5.tgz",
      "integrity": "sha1-Sml7OwrsgFsziE/UqbNHMGW6seA="
    },
    "@angular/router": {
      "version": "4.3.5",
      "resolved": "https://registry.npmjs.org/@angular/router/-/router-4.3.5.tgz",
      "integrity": "sha1-GICCdHvJtpdPnUs/VVe0NGRdI80="
    },
    "fs": {
      "version": "0.0.1-security",
      "resolved": "https://registry.npmjs.org/fs/-/fs-0.0.1-security.tgz",
      "integrity": "sha1-invTcYa23d84E/I4WLV+yq9eQdQ=",
      "dev": true
    },
    "rxjs": {
      "version": "5.4.3",
      "resolved": "https://registry.npmjs.org/rxjs/-/rxjs-5.4.3.tgz",
      "integrity": "sha512-fSNi+y+P9ss+EZuV0GcIIqPUK07DEaMRUtLJvdcvMyFjc9dizuDjere+A4V7JrLGnm9iCc+nagV/4QdMTkqC4A=="
    },
    "symbol-observable": {
      "version": "1.0.4",
      "resolved": "https://registry.npmjs.org/symbol-observable/-/symbol-observable-1.0.4.tgz",
      "integrity": "sha1-Kb9hXUqnEhvdiYsi1LP5vE4qoD0="
    },
    "tslib": {
      "version": "1.7.1",
      "resolved": "https://registry.npmjs.org/tslib/-/tslib-1.7.1.tgz",
      "integrity": "sha1-vIAEFkaRkjp5/oN4u+s9ogF1OOw="
    },
    "typescript": {
      "version": "2.4.2",
      "resolved": "https://registry.npmjs.org/typescript/-/typescript-2.4.2.tgz",
      "integrity": "sha1-+DlfhdRZJ2BnyYiqQYN6j4KHCEQ=",
      "dev": true
    },
    "zone.js": {
      "version": "0.8.16",
      "resolved": "https://registry.npmjs.org/zone.js/-/zone.js-0.8.16.tgz",
      "integrity": "sha1-rDG2xBj4jA+Ritas2KQCrKkxOrs="
    }
  }
}
